<?xml version="1.0" encoding="utf-8"?>
<Project ToolsVersion="4.0" xmlns="http://schemas.microsoft.com/developer/msbuild/2003">
  <ItemGroup>
    <ClCompile Include="src\main.cpp">
      <Filter>src</Filter>
    </ClCompile>
    <ClCompile Include="src\main.cpp">
      <Filter>src</Filter>
    </ClCompile>
    <ClCompile Include="src\testApp.cpp">
      <Filter>src</Filter>
    </ClCompile>
    <ClCompile Include="..\..\..\addons\ofxXmlSettings\src\ofxXmlSettings.cpp">
      <Filter>addons\ofxXmlSettings\src</Filter>
    </ClCompile>
    <ClCompile Include="..\..\..\addons\ofxXmlSettings\libs\tinyxml.cpp">
      <Filter>addons\ofxXmlSettings\libs</Filter>
    </ClCompile>
    <ClCompile Include="..\..\..\addons\ofxXmlSettings\libs\tinyxmlerror.cpp">
      <Filter>addons\ofxXmlSettings\libs</Filter>
    </ClCompile>
    <ClCompile Include="..\..\..\addons\ofxXmlSettings\libs\tinyxmlparser.cpp">
      <Filter>addons\ofxXmlSettings\libs</Filter>
    </ClCompile>
    <ClCompile Include="src\testApp.cpp">
      <Filter>src</Filter>
    </ClCompile>
    <ClCompile Include="..\src\ofxSVGTiny.cpp">
      <Filter>addons\ofxSVGTiny\src</Filter>
    </ClCompile>
    <ClCompile Include="..\lib\src_colors.cpp">
      <Filter>addons\ofxSVGTiny\lib</Filter>
    </ClCompile>
    <ClCompile Include="..\lib\svgtiny_gradient.cpp">
      <Filter>addons\ofxSVGTiny\lib</Filter>
    </ClCompile>
    <ClCompile Include="..\lib\svgtiny_list.cpp">
      <Filter>addons\ofxSVGTiny\lib</Filter>
    </ClCompile>
    <ClCompile Include="..\lib\svgtiny.cpp">
      <Filter>addons\ofxSVGTiny\lib</Filter>
    </ClCompile>
  </ItemGroup>
  <ItemGroup>
    <Filter Include="src">
      <UniqueIdentifier>{d8376475-7454-4a24-b08a-aac121d3ad6f}</UniqueIdentifier>
    </Filter>
    <Filter Include="addons">
      <UniqueIdentifier>{71834f65-f3a9-211e-73b8-dc8563776aec}</UniqueIdentifier>
    </Filter>
    <Filter Include="addons\ofxXmlSettings">
      <UniqueIdentifier>{877f005d-13e6-0592-1d97-f2e39d804d43}</UniqueIdentifier>
    </Filter>
    <Filter Include="addons\ofxXmlSettings\src">
      <UniqueIdentifier>{ccb2ac63-49d2-977c-cfe8-aeadb8be6a99}</UniqueIdentifier>
    </Filter>
    <Filter Include="addons\ofxXmlSettings\libs">
      <UniqueIdentifier>{687714a8-1662-fa1c-261f-50f068335398}</UniqueIdentifier>
    </Filter>
    <Filter Include="addons\ofxSVGTiny">
      <UniqueIdentifier>{0da44f8d-6920-4888-8a19-80c30b8f09b0}</UniqueIdentifier>
    </Filter>
    <Filter Include="addons\ofxSVGTiny\src">
      <UniqueIdentifier>{746a99df-c129-498e-83ec-d385592158eb}</UniqueIdentifier>
    </Filter>
    <Filter Include="addons\ofxSVGTiny\lib">
      <UniqueIdentifier>{e67bc8e7-66cb-4c33-ae9c-d4f66a18f314}</UniqueIdentifier>
    </Filter>
  </ItemGroup>
  <ItemGroup>
    <ClInclude Include="src\testApp.h">
      <Filter>src</Filter>
    </ClInclude>
    <ClInclude Include="..\..\..\addons\ofxXmlSettings\src\ofxXmlSettings.h">
      <Filter>addons\ofxXmlSettings\src</Filter>
    </ClInclude>
    <ClInclude Include="..\..\..\addons\ofxXmlSettings\libs\tinyxml.h">
      <Filter>addons\ofxXmlSettings\libs</Filter>
    </ClInclude>
    <ClInclude Include="src\testApp.h">
      <Filter>src</Filter>
    </ClInclude>
    <ClInclude Include="..\src\ofxSVGTiny.h">
      <Filter>addons\ofxSVGTiny\src</Filter>
    </ClInclude>
    <ClInclude Include="..\lib\svgtiny_internal.h">
      <Filter>addons\ofxSVGTiny\lib</Filter>
    </ClInclude>
    <ClInclude Include="..\lib\svgtiny.h">
      <Filter>addons\ofxSVGTiny\lib</Filter>
    </ClInclude>
  </ItemGroup>
</Project>